// !$*UTF8*$!
{
	archiveVersion = 1;
	classes = {
	};
	objectVersion = 46;
	objects = {

/* Begin PBXBuildFile section */
		AB3F8E2F1CE6F6CE009A2010 /* message-pizza.png in Resources */ = {isa = PBXBuildFile; fileRef = AB3F8E2E1CE6F6CE009A2010 /* message-pizza.png */; };
		AB6ABA3B1C3EBEE80026BC86 /* ViewController5ingredientes.swift in Sources */ = {isa = PBXBuildFile; fileRef = AB6ABA3A1C3EBEE80026BC86 /* ViewController5ingredientes.swift */; };
		AB6ABA3D1C3EE8500026BC86 /* ViewControllerCocinar.swift in Sources */ = {isa = PBXBuildFile; fileRef = AB6ABA3C1C3EE8500026BC86 /* ViewControllerCocinar.swift */; };
		AB7E31431CE7E1B200223673 /* chicaSize.png in Resources */ = {isa = PBXBuildFile; fileRef = AB7E31421CE7E1B200223673 /* chicaSize.png */; };
		AB7E31451CE7E9B400223673 /* medianaSize.png in Resources */ = {isa = PBXBuildFile; fileRef = AB7E31441CE7E9B400223673 /* medianaSize.png */; };
		AB7E31471CE7E9F300223673 /* grandeSize.png in Resources */ = {isa = PBXBuildFile; fileRef = AB7E31461CE7E9F300223673 /* grandeSize.png */; };
		AB7E31491CE8132B00223673 /* PIxZxZxA.png in Resources */ = {isa = PBXBuildFile; fileRef = AB7E31481CE8132B00223673 /* PIxZxZxA.png */; };
		AB7E314C1CE8982B00223673 /* soyunapizza.mp3 in Resources */ = {isa = PBXBuildFile; fileRef = AB7E314B1CE8982B00223673 /* soyunapizza.mp3 */; };
		AB7E314E1CE89BB200223673 /* noQueso.JPG in Resources */ = {isa = PBXBuildFile; fileRef = AB7E314D1CE89BB200223673 /* noQueso.JPG */; };
		AB7E31501CE89D3100223673 /* mozzarella.png in Resources */ = {isa = PBXBuildFile; fileRef = AB7E314F1CE89D3100223673 /* mozzarella.png */; };
		AB7E31521CE89DF700223673 /* cheddar.jpg in Resources */ = {isa = PBXBuildFile; fileRef = AB7E31511CE89DF700223673 /* cheddar.jpg */; };
		AB7E31541CE89E7600223673 /* parmesano.jpg in Resources */ = {isa = PBXBuildFile; fileRef = AB7E31531CE89E7600223673 /* parmesano.jpg */; };
		AB7E31561CE8C9B000223673 /* iconPizza.jpg in Resources */ = {isa = PBXBuildFile; fileRef = AB7E31551CE8C9B000223673 /* iconPizza.jpg */; };
		AB7E31581CE8CF2D00223673 /* enjoy.jpeg in Resources */ = {isa = PBXBuildFile; fileRef = AB7E31571CE8CF2D00223673 /* enjoy.jpeg */; };
		AB7E315A1CE8D10A00223673 /* ViewControllerGracias.swift in Sources */ = {isa = PBXBuildFile; fileRef = AB7E31591CE8D10A00223673 /* ViewControllerGracias.swift */; };
		AB7FCE611CE64F8300ADDF93 /* ViewControllerInicios.swift in Sources */ = {isa = PBXBuildFile; fileRef = AB7FCE601CE64F8300ADDF93 /* ViewControllerInicios.swift */; };
		AB7FCE641CE6633F00ADDF93 /* Luiguis.jpg in Resources */ = {isa = PBXBuildFile; fileRef = AB7FCE631CE6633F00ADDF93 /* Luiguis.jpg */; };
		AB7FCE661CE6651100ADDF93 /* luigis-pizza.png in Resources */ = {isa = PBXBuildFile; fileRef = AB7FCE651CE6651100ADDF93 /* luigis-pizza.png */; };
		AB7FCE6A1CE66DB200ADDF93 /* sliceofpizza.png in Resources */ = {isa = PBXBuildFile; fileRef = AB7FCE691CE66DB200ADDF93 /* sliceofpizza.png */; };
		ABD9134E1C3D59A3001C4437 /* AppDelegate.swift in Sources */ = {isa = PBXBuildFile; fileRef = ABD9134D1C3D59A3001C4437 /* AppDelegate.swift */; };
		ABD913501C3D59A3001C4437 /* ViewController.swift in Sources */ = {isa = PBXBuildFile; fileRef = ABD9134F1C3D59A3001C4437 /* ViewController.swift */; };
		ABD913531C3D59A3001C4437 /* Main.storyboard in Resources */ = {isa = PBXBuildFile; fileRef = ABD913511C3D59A3001C4437 /* Main.storyboard */; };
		ABD913561C3D59A3001C4437 /* PizzaApp.xcdatamodeld in Sources */ = {isa = PBXBuildFile; fileRef = ABD913541C3D59A3001C4437 /* PizzaApp.xcdatamodeld */; };
		ABD913581C3D59A3001C4437 /* Assets.xcassets in Resources */ = {isa = PBXBuildFile; fileRef = ABD913571C3D59A3001C4437 /* Assets.xcassets */; };
		ABD9135B1C3D59A3001C4437 /* LaunchScreen.storyboard in Resources */ = {isa = PBXBuildFile; fileRef = ABD913591C3D59A3001C4437 /* LaunchScreen.storyboard */; };
		ABD913631C3DDB79001C4437 /* ViewControllerMasa.swift in Sources */ = {isa = PBXBuildFile; fileRef = ABD913621C3DDB79001C4437 /* ViewControllerMasa.swift */; };
		ABD913651C3E277C001C4437 /* ViewControllerQueso.swift in Sources */ = {isa = PBXBuildFile; fileRef = ABD913641C3E277C001C4437 /* ViewControllerQueso.swift */; };
/* End PBXBuildFile section */

/* Begin PBXFileReference section */
		AB3F8E2E1CE6F6CE009A2010 /* message-pizza.png */ = {isa = PBXFileReference; lastKnownFileType = image.png; path = "message-pizza.png"; sourceTree = "<group>"; };
		AB6ABA3A1C3EBEE80026BC86 /* ViewController5ingredientes.swift */ = {isa = PBXFileReference; fileEncoding = 4; lastKnownFileType = sourcecode.swift; path = ViewController5ingredientes.swift; sourceTree = "<group>"; };
		AB6ABA3C1C3EE8500026BC86 /* ViewControllerCocinar.swift */ = {isa = PBXFileReference; fileEncoding = 4; lastKnownFileType = sourcecode.swift; path = ViewControllerCocinar.swift; sourceTree = "<group>"; };
		AB7E31421CE7E1B200223673 /* chicaSize.png */ = {isa = PBXFileReference; lastKnownFileType = image.png; path = chicaSize.png; sourceTree = "<group>"; };
		AB7E31441CE7E9B400223673 /* medianaSize.png */ = {isa = PBXFileReference; lastKnownFileType = image.png; path = medianaSize.png; sourceTree = "<group>"; };
		AB7E31461CE7E9F300223673 /* grandeSize.png */ = {isa = PBXFileReference; lastKnownFileType = image.png; path = grandeSize.png; sourceTree = "<group>"; };
		AB7E31481CE8132B00223673 /* PIxZxZxA.png */ = {isa = PBXFileReference; lastKnownFileType = image.png; path = PIxZxZxA.png; sourceTree = "<group>"; };
		AB7E314A1CE8232400223673 /* pizzaring.m4a */ = {isa = PBXFileReference; lastKnownFileType = file; path = pizzaring.m4a; sourceTree = "<group>"; };
		AB7E314B1CE8982B00223673 /* soyunapizza.mp3 */ = {isa = PBXFileReference; lastKnownFileType = audio.mp3; path = soyunapizza.mp3; sourceTree = "<group>"; };
		AB7E314D1CE89BB200223673 /* noQueso.JPG */ = {isa = PBXFileReference; lastKnownFileType = image.jpeg; path = noQueso.JPG; sourceTree = "<group>"; };
		AB7E314F1CE89D3100223673 /* mozzarella.png */ = {isa = PBXFileReference; lastKnownFileType = image.png; path = mozzarella.png; sourceTree = "<group>"; };
		AB7E31511CE89DF700223673 /* cheddar.jpg */ = {isa = PBXFileReference; lastKnownFileType = image.jpeg; path = cheddar.jpg; sourceTree = "<group>"; };
		AB7E31531CE89E7600223673 /* parmesano.jpg */ = {isa = PBXFileReference; lastKnownFileType = image.jpeg; path = parmesano.jpg; sourceTree = "<group>"; };
		AB7E31551CE8C9B000223673 /* iconPizza.jpg */ = {isa = PBXFileReference; lastKnownFileType = image.jpeg; path = iconPizza.jpg; sourceTree = "<group>"; };
		AB7E31571CE8CF2D00223673 /* enjoy.jpeg */ = {isa = PBXFileReference; lastKnownFileType = image.jpeg; path = enjoy.jpeg; sourceTree = "<group>"; };
		AB7E31591CE8D10A00223673 /* ViewControllerGracias.swift */ = {isa = PBXFileReference; fileEncoding = 4; lastKnownFileType = sourcecode.swift; path = ViewControllerGracias.swift; sourceTree = "<group>"; };
		AB7FCE601CE64F8300ADDF93 /* ViewControllerInicios.swift */ = {isa = PBXFileReference; fileEncoding = 4; lastKnownFileType = sourcecode.swift; path = ViewControllerInicios.swift; sourceTree = "<group>"; };
		AB7FCE631CE6633F00ADDF93 /* Luiguis.jpg */ = {isa = PBXFileReference; lastKnownFileType = image.jpeg; path = Luiguis.jpg; sourceTree = "<group>"; };
		AB7FCE651CE6651100ADDF93 /* luigis-pizza.png */ = {isa = PBXFileReference; lastKnownFileType = image.png; path = "luigis-pizza.png"; sourceTree = "<group>"; };
		AB7FCE691CE66DB200ADDF93 /* sliceofpizza.png */ = {isa = PBXFileReference; lastKnownFileType = image.png; path = sliceofpizza.png; sourceTree = "<group>"; };
		ABD9134A1C3D59A3001C4437 /* PizzaApp.app */ = {isa = PBXFileReference; explicitFileType = wrapper.application; includeInIndex = 0; path = PizzaApp.app; sourceTree = BUILT_PRODUCTS_DIR; };
		ABD9134D1C3D59A3001C4437 /* AppDelegate.swift */ = {isa = PBXFileReference; lastKnownFileType = sourcecode.swift; path = AppDelegate.swift; sourceTree = "<group>"; };
		ABD9134F1C3D59A3001C4437 /* ViewController.swift */ = {isa = PBXFileReference; lastKnownFileType = sourcecode.swift; path = ViewController.swift; sourceTree = "<group>"; };
		ABD913521C3D59A3001C4437 /* Base */ = {isa = PBXFileReference; lastKnownFileType = file.storyboard; name = Base; path = Base.lproj/Main.storyboard; sourceTree = "<group>"; };
		ABD913551C3D59A3001C4437 /* PizzaApp.xcdatamodel */ = {isa = PBXFileReference; lastKnownFileType = wrapper.xcdatamodel; path = PizzaApp.xcdatamodel; sourceTree = "<group>"; };
		ABD913571C3D59A3001C4437 /* Assets.xcassets */ = {isa = PBXFileReference; lastKnownFileType = folder.assetcatalog; path = Assets.xcassets; sourceTree = "<group>"; };
		ABD9135A1C3D59A3001C4437 /* Base */ = {isa = PBXFileReference; lastKnownFileType = file.storyboard; name = Base; path = Base.lproj/LaunchScreen.storyboard; sourceTree = "<group>"; };
		ABD9135C1C3D59A3001C4437 /* Info.plist */ = {isa = PBXFileReference; lastKnownFileType = text.plist.xml; path = Info.plist; sourceTree = "<group>"; };
		ABD913621C3DDB79001C4437 /* ViewControllerMasa.swift */ = {isa = PBXFileReference; fileEncoding = 4; lastKnownFileType = sourcecode.swift; path = ViewControllerMasa.swift; sourceTree = "<group>"; };
		ABD913641C3E277C001C4437 /* ViewControllerQueso.swift */ = {isa = PBXFileReference; fileEncoding = 4; lastKnownFileType = sourcecode.swift; path = ViewControllerQueso.swift; sourceTree = "<group>"; };
/* End PBXFileReference section */

/* Begin PBXFrameworksBuildPhase section */
		ABD913471C3D59A2001C4437 /* Frameworks */ = {
			isa = PBXFrameworksBuildPhase;
			buildActionMask = 2147483647;
			files = (
			);
			runOnlyForDeploymentPostprocessing = 0;
		};
/* End PBXFrameworksBuildPhase section */

/* Begin PBXGroup section */
		AB7FCE621CE6632100ADDF93 /* imagenes */ = {
			isa = PBXGroup;
			children = (
				AB7E314A1CE8232400223673 /* pizzaring.m4a */,
				AB7FCE631CE6633F00ADDF93 /* Luiguis.jpg */,
				AB7E31551CE8C9B000223673 /* iconPizza.jpg */,
				AB7FCE691CE66DB200ADDF93 /* sliceofpizza.png */,
				AB7E31421CE7E1B200223673 /* chicaSize.png */,
				AB7E314F1CE89D3100223673 /* mozzarella.png */,
				AB7E31511CE89DF700223673 /* cheddar.jpg */,
				AB7E314D1CE89BB200223673 /* noQueso.JPG */,
				AB7E31531CE89E7600223673 /* parmesano.jpg */,
				AB7E31571CE8CF2D00223673 /* enjoy.jpeg */,
				AB7E314B1CE8982B00223673 /* soyunapizza.mp3 */,
				AB7E31441CE7E9B400223673 /* medianaSize.png */,
				AB7E31461CE7E9F300223673 /* grandeSize.png */,
				AB3F8E2E1CE6F6CE009A2010 /* message-pizza.png */,
				AB7E31481CE8132B00223673 /* PIxZxZxA.png */,
				AB7FCE651CE6651100ADDF93 /* luigis-pizza.png */,
			);
			name = imagenes;
			sourceTree = "<group>";
		};
		ABD913411C3D59A2001C4437 = {
			isa = PBXGroup;
			children = (
				ABD9134C1C3D59A3001C4437 /* PizzaApp */,
				ABD9134B1C3D59A3001C4437 /* Products */,
			);
			sourceTree = "<group>";
		};
		ABD9134B1C3D59A3001C4437 /* Products */ = {
			isa = PBXGroup;
			children = (
				ABD9134A1C3D59A3001C4437 /* PizzaApp.app */,
			);
			name = Products;
			sourceTree = "<group>";
		};
		ABD9134C1C3D59A3001C4437 /* PizzaApp */ = {
			isa = PBXGroup;
			children = (
				AB7FCE621CE6632100ADDF93 /* imagenes */,
				ABD9134D1C3D59A3001C4437 /* AppDelegate.swift */,
				ABD9134F1C3D59A3001C4437 /* ViewController.swift */,
				ABD913511C3D59A3001C4437 /* Main.storyboard */,
				AB6ABA3C1C3EE8500026BC86 /* ViewControllerCocinar.swift */,
				ABD913641C3E277C001C4437 /* ViewControllerQueso.swift */,
				AB7FCE601CE64F8300ADDF93 /* ViewControllerInicios.swift */,
				AB6ABA3A1C3EBEE80026BC86 /* ViewController5ingredientes.swift */,
				ABD913621C3DDB79001C4437 /* ViewControllerMasa.swift */,
				ABD913571C3D59A3001C4437 /* Assets.xcassets */,
				ABD913591C3D59A3001C4437 /* LaunchScreen.storyboard */,
				ABD9135C1C3D59A3001C4437 /* Info.plist */,
				ABD913541C3D59A3001C4437 /* PizzaApp.xcdatamodeld */,
				AB7E31591CE8D10A00223673 /* ViewControllerGracias.swift */,
			);
			path = PizzaApp;
			sourceTree = "<group>";
		};
/* End PBXGroup section */

/* Begin PBXNativeTarget section */
		ABD913491C3D59A2001C4437 /* PizzaApp */ = {
			isa = PBXNativeTarget;
			buildConfigurationList = ABD9135F1C3D59A3001C4437 /* Build configuration list for PBXNativeTarget "PizzaApp" */;
			buildPhases = (
				ABD913461C3D59A2001C4437 /* Sources */,
				ABD913471C3D59A2001C4437 /* Frameworks */,
				ABD913481C3D59A2001C4437 /* Resources */,
			);
			buildRules = (
			);
			dependencies = (
			);
			name = PizzaApp;
			productName = PizzaApp;
			productReference = ABD9134A1C3D59A3001C4437 /* PizzaApp.app */;
			productType = "com.apple.product-type.application";
		};
/* End PBXNativeTarget section */

/* Begin PBXProject section */
		ABD913421C3D59A2001C4437 /* Project object */ = {
			isa = PBXProject;
			attributes = {
				LastSwiftUpdateCheck = 0720;
				LastUpgradeCheck = 0720;
				ORGANIZATIONNAME = "Mario E Salvatierra V";
				TargetAttributes = {
					ABD913491C3D59A2001C4437 = {
						CreatedOnToolsVersion = 7.2;
						DevelopmentTeam = 3X5FPFF437;
					};
				};
			};
			buildConfigurationList = ABD913451C3D59A2001C4437 /* Build configuration list for PBXProject "PizzaApp" */;
			compatibilityVersion = "Xcode 3.2";
			developmentRegion = English;
			hasScannedForEncodings = 0;
			knownRegions = (
				en,
				Base,
			);
			mainGroup = ABD913411C3D59A2001C4437;
			productRefGroup = ABD9134B1C3D59A3001C4437 /* Products */;
			projectDirPath = "";
			projectRoot = "";
			targets = (
				ABD913491C3D59A2001C4437 /* PizzaApp */,
			);
		};
/* End PBXProject section */

/* Begin PBXResourcesBuildPhase section */
		ABD913481C3D59A2001C4437 /* Resources */ = {
			isa = PBXResourcesBuildPhase;
			buildActionMask = 2147483647;
			files = (
				ABD9135B1C3D59A3001C4437 /* LaunchScreen.storyboard in Resources */,
				AB7E31561CE8C9B000223673 /* iconPizza.jpg in Resources */,
				AB7E31471CE7E9F300223673 /* grandeSize.png in Resources */,
				AB7E31541CE89E7600223673 /* parmesano.jpg in Resources */,
				AB7E31521CE89DF700223673 /* cheddar.jpg in Resources */,
				AB7E31501CE89D3100223673 /* mozzarella.png in Resources */,
				AB7E31491CE8132B00223673 /* PIxZxZxA.png in Resources */,
				AB7FCE641CE6633F00ADDF93 /* Luiguis.jpg in Resources */,
				ABD913581C3D59A3001C4437 /* Assets.xcassets in Resources */,
				AB7E31431CE7E1B200223673 /* chicaSize.png in Resources */,
				AB7E314C1CE8982B00223673 /* soyunapizza.mp3 in Resources */,
				AB7FCE6A1CE66DB200ADDF93 /* sliceofpizza.png in Resources */,
				ABD913531C3D59A3001C4437 /* Main.storyboard in Resources */,
				AB7E314E1CE89BB200223673 /* noQueso.JPG in Resources */,
				AB3F8E2F1CE6F6CE009A2010 /* message-pizza.png in Resources */,
				AB7E31581CE8CF2D00223673 /* enjoy.jpeg in Resources */,
				AB7FCE661CE6651100ADDF93 /* luigis-pizza.png in Resources */,
				AB7E31451CE7E9B400223673 /* medianaSize.png in Resources */,
			);
			runOnlyForDeploymentPostprocessing = 0;
		};
/* End PBXResourcesBuildPhase section */

/* Begin PBXSourcesBuildPhase section */
		ABD913461C3D59A2001C4437 /* Sources */ = {
			isa = PBXSourcesBuildPhase;
			buildActionMask = 2147483647;
			files = (
				ABD913631C3DDB79001C4437 /* ViewControllerMasa.swift in Sources */,
				AB6ABA3B1C3EBEE80026BC86 /* ViewController5ingredientes.swift in Sources */,
				ABD913561C3D59A3001C4437 /* PizzaApp.xcdatamodeld in Sources */,
				AB7FCE611CE64F8300ADDF93 /* ViewControllerInicios.swift in Sources */,
				ABD913501C3D59A3001C4437 /* ViewController.swift in Sources */,
				AB7E315A1CE8D10A00223673 /* ViewControllerGracias.swift in Sources */,
				ABD9134E1C3D59A3001C4437 /* AppDelegate.swift in Sources */,
				ABD913651C3E277C001C4437 /* ViewControllerQueso.swift in Sources */,
				AB6ABA3D1C3EE8500026BC86 /* ViewControllerCocinar.swift in Sources */,
			);
			runOnlyForDeploymentPostprocessing = 0;
		};
/* End PBXSourcesBuildPhase section */

/* Begin PBXVariantGroup section */
		ABD913511C3D59A3001C4437 /* Main.storyboard */ = {
			isa = PBXVariantGroup;
			children = (
				ABD913521C3D59A3001C4437 /* Base */,
			);
			name = Main.storyboard;
			sourceTree = "<group>";
		};
		ABD913591C3D59A3001C4437 /* LaunchScreen.storyboard */ = {
			isa = PBXVariantGroup;
			children = (
				ABD9135A1C3D59A3001C4437 /* Base */,
			);
			name = LaunchScreen.storyboard;
			sourceTree = "<group>";
		};
/* End PBXVariantGroup section */

/* Begin XCBuildConfiguration section */
		ABD9135D1C3D59A3001C4437 /* Debug */ = {
			isa = XCBuildConfiguration;
			buildSettings = {
				ALWAYS_SEARCH_USER_PATHS = NO;
				CLANG_CXX_LANGUAGE_STANDARD = "gnu++0x";
				CLANG_CXX_LIBRARY = "libc++";
				CLANG_ENABLE_MODULES = YES;
				CLANG_ENABLE_OBJC_ARC = YES;
				CLANG_WARN_BOOL_CONVERSION = YES;
				CLANG_WARN_CONSTANT_CONVERSION = YES;
				CLANG_WARN_DIRECT_OBJC_ISA_USAGE = YES_ERROR;
				CLANG_WARN_EMPTY_BODY = YES;
				CLANG_WARN_ENUM_CONVERSION = YES;
				CLANG_WARN_INT_CONVERSION = YES;
				CLANG_WARN_OBJC_ROOT_CLASS = YES_ERROR;
				CLANG_WARN_UNREACHABLE_CODE = YES;
				CLANG_WARN__DUPLICATE_METHOD_MATCH = YES;
				"CODE_SIGN_IDENTITY[sdk=iphoneos*]" = "iPhone Developer";
				COPY_PHASE_STRIP = NO;
				DEBUG_INFORMATION_FORMAT = dwarf;
				ENABLE_STRICT_OBJC_MSGSEND = YES;
				ENABLE_TESTABILITY = YES;
				GCC_C_LANGUAGE_STANDARD = gnu99;
				GCC_DYNAMIC_NO_PIC = NO;
				GCC_NO_COMMON_BLOCKS = YES;
				GCC_OPTIMIZATION_LEVEL = 0;
				GCC_PREPROCESSOR_DEFINITIONS = (
					"DEBUG=1",
					"$(inherited)",
				);
				GCC_WARN_64_TO_32_BIT_CONVERSION = YES;
				GCC_WARN_ABOUT_RETURN_TYPE = YES_ERROR;
				GCC_WARN_UNDECLARED_SELECTOR = YES;
				GCC_WARN_UNINITIALIZED_AUTOS = YES_AGGRESSIVE;
				GCC_WARN_UNUSED_FUNCTION = YES;
				GCC_WARN_UNUSED_VARIABLE = YES;
				IPHONEOS_DEPLOYMENT_TARGET = 9.2;
				MTL_ENABLE_DEBUG_INFO = YES;
				ONLY_ACTIVE_ARCH = YES;
				SDKROOT = iphoneos;
				SWIFT_OPTIMIZATION_LEVEL = "-Onone";
				TARGETED_DEVICE_FAMILY = "1,2";
			};
			name = Debug;
		};
		ABD9135E1C3D59A3001C4437 /* Release */ = {
			isa = XCBuildConfiguration;
			buildSettings = {
				ALWAYS_SEARCH_USER_PATHS = NO;
				CLANG_CXX_LANGUAGE_STANDARD = "gnu++0x";
				CLANG_CXX_LIBRARY = "libc++";
				CLANG_ENABLE_MODULES = YES;
				CLANG_ENABLE_OBJC_ARC = YES;
				CLANG_WARN_BOOL_CONVERSION = YES;
				CLANG_WARN_CONSTANT_CONVERSION = YES;
				CLANG_WARN_DIRECT_OBJC_ISA_USAGE = YES_ERROR;
				CLANG_WARN_EMPTY_BODY = YES;
				CLANG_WARN_ENUM_CONVERSION = YES;
				CLANG_WARN_INT_CONVERSION = YES;
				CLANG_WARN_OBJC_ROOT_CLASS = YES_ERROR;
				CLANG_WARN_UNREACHABLE_CODE = YES;
				CLANG_WARN__DUPLICATE_METHOD_MATCH = YES;
				"CODE_SIGN_IDENTITY[sdk=iphoneos*]" = "iPhone Developer";
				COPY_PHASE_STRIP = NO;
				DEBUG_INFORMATION_FORMAT = "dwarf-with-dsym";
				ENABLE_NS_ASSERTIONS = NO;
				ENABLE_STRICT_OBJC_MSGSEND = YES;
				GCC_C_LANGUAGE_STANDARD = gnu99;
				GCC_NO_COMMON_BLOCKS = YES;
				GCC_WARN_64_TO_32_BIT_CONVERSION = YES;
				GCC_WARN_ABOUT_RETURN_TYPE = YES_ERROR;
				GCC_WARN_UNDECLARED_SELECTOR = YES;
				GCC_WARN_UNINITIALIZED_AUTOS = YES_AGGRESSIVE;
				GCC_WARN_UNUSED_FUNCTION = YES;
				GCC_WARN_UNUSED_VARIABLE = YES;
				IPHONEOS_DEPLOYMENT_TARGET = 9.2;
				MTL_ENABLE_DEBUG_INFO = NO;
				SDKROOT = iphoneos;
				TARGETED_DEVICE_FAMILY = "1,2";
				VALIDATE_PRODUCT = YES;
			};
			name = Release;
		};
		ABD913601C3D59A3001C4437 /* Debug */ = {
			isa = XCBuildConfiguration;
			buildSettings = {
				CODE_SIGN_IDENTITY = "iPhone Developer";
				INFOPLIST_FILE = PizzaApp/Info.plist;
				LD_RUNPATH_SEARCH_PATHS = "$(inherited) @executable_path/Frameworks";
				PRODUCT_BUNDLE_IDENTIFIER = Dunas.PizzaApp;
				PRODUCT_NAME = "$(TARGET_NAME)";
				TARGETED_DEVICE_FAMILY = 1;
			};
			name = Debug;
		};
		ABD913611C3D59A3001C4437 /* Release */ = {
			isa = XCBuildConfiguration;
			buildSettings = {
				CODE_SIGN_IDENTITY = "iPhone Developer";
				INFOPLIST_FILE = PizzaApp/Info.plist;
				LD_RUNPATH_SEARCH_PATHS = "$(inherited) @executable_path/Frameworks";
				PRODUCT_BUNDLE_IDENTIFIER = Dunas.PizzaApp;
				PRODUCT_NAME = "$(TARGET_NAME)";
				TARGETED_DEVICE_FAMILY = 1;
			};
			name = Release;
		};
/* End XCBuildConfiguration section */

/* Begin XCConfigurationList section */
		ABD913451C3D59A2001C4437 /* Build configuration list for PBXProject "PizzaApp" */ = {
			isa = XCConfigurationList;
			buildConfigurations = (
				ABD9135D1C3D59A3001C4437 /* Debug */,
				ABD9135E1C3D59A3001C4437 /* Release */,
			);
			defaultConfigurationIsVisible = 0;
			defaultConfigurationName = Release;
		};
		ABD9135F1C3D59A3001C4437 /* Build configuration list for PBXNativeTarget "PizzaApp" */ = {
			isa = XCConfigurationList;
			buildConfigurations = (
				ABD913601C3D59A3001C4437 /* Debug */,
				ABD913611C3D59A3001C4437 /* Release */,
			);
			defaultConfigurationIsVisible = 0;
			defaultConfigurationName = Release;
		};
/* End XCConfigurationList section */

/* Begin XCVersionGroup section */
		ABD913541C3D59A3001C4437 /* PizzaApp.xcdatamodeld */ = {
			isa = XCVersionGroup;
			children = (
				ABD913551C3D59A3001C4437 /* PizzaApp.xcdatamodel */,
			);
			currentVersion = ABD913551C3D59A3001C4437 /* PizzaApp.xcdatamodel */;
			path = PizzaApp.xcdatamodeld;
			sourceTree = "<group>";
			versionGroupType = wrapper.xcdatamodel;
		};
/* End XCVersionGroup section */
	};
	rootObject = ABD913421C3D59A2001C4437 /* Project object */;
}
